<?xml version="1.0" encoding="utf-8"?>
<Project ToolsVersion="4.0" xmlns="http://schemas.microsoft.com/developer/msbuild/2003">
  <ItemGroup>
    <Filter Include="Generated Files">
      <UniqueIdentifier>{71ED8ED8-ACB9-4CE9-BBE1-E00B30144E11}</UniqueIdentifier>
      <Extensions>moc;h;cpp</Extensions>
      <SourceControlFiles>False</SourceControlFiles>
    </Filter>
    <Filter Include="res">
      <UniqueIdentifier>{aa3c8352-74a6-4216-84e1-beee4b3b3959}</UniqueIdentifier>
    </Filter>
    <Filter Include="ui">
      <UniqueIdentifier>{99349809-55BA-4b9d-BF79-8FDBB0286EB3}</UniqueIdentifier>
      <Extensions>ui</Extensions>
    </Filter>
    <Filter Include="openark">
      <UniqueIdentifier>{a3e0656d-147b-490f-97ba-576572264258}</UniqueIdentifier>
    </Filter>
    <Filter Include="common">
      <UniqueIdentifier>{1cfab7ae-f911-4fbd-869c-a2a6abd7508b}</UniqueIdentifier>
    </Filter>
    <Filter Include="common\app">
      <UniqueIdentifier>{34d6cbb5-12a9-44f7-aef9-fb6756d88788}</UniqueIdentifier>
    </Filter>
    <Filter Include="common\cache">
      <UniqueIdentifier>{6f60cec9-d238-4133-ad8e-def3abca7803}</UniqueIdentifier>
    </Filter>
    <Filter Include="common\config">
      <UniqueIdentifier>{c6f1c004-7c5b-4955-aeee-447e1fc01885}</UniqueIdentifier>
    </Filter>
    <Filter Include="common\cpp-wrapper">
      <UniqueIdentifier>{78c0a61e-e99f-4024-b200-c7076320a86e}</UniqueIdentifier>
    </Filter>
    <Filter Include="common\qt-wrapper">
      <UniqueIdentifier>{da7f0953-8ce0-4c5d-9534-18d8186a971a}</UniqueIdentifier>
    </Filter>
    <Filter Include="common\win-wrapper">
      <UniqueIdentifier>{7635c6ba-589a-4d03-a2c2-34dbc87a623a}</UniqueIdentifier>
    </Filter>
    <Filter Include="cmds">
      <UniqueIdentifier>{89efb3cb-c16c-4f7e-bd47-23a49729d320}</UniqueIdentifier>
    </Filter>
    <Filter Include="about">
      <UniqueIdentifier>{9cbeabb0-f9a1-44e0-8231-d453d1303757}</UniqueIdentifier>
    </Filter>
    <Filter Include="scanner">
      <UniqueIdentifier>{6eff79e7-a9ed-47b8-9597-fabb7d16c7e5}</UniqueIdentifier>
    </Filter>
    <Filter Include="process-mgr">
      <UniqueIdentifier>{8b53e1e0-f48f-4a18-afc2-ffccc5912d7d}</UniqueIdentifier>
    </Filter>
    <Filter Include="bundler">
      <UniqueIdentifier>{932c60b2-5fec-4787-ab63-beed6c860003}</UniqueIdentifier>
    </Filter>
    <Filter Include="kernel">
      <UniqueIdentifier>{e56698ec-c898-43f9-980f-9bf578c9974a}</UniqueIdentifier>
    </Filter>
    <Filter Include="coderkit">
      <UniqueIdentifier>{dc4bcf8e-bd1e-44f3-8fef-a31100b2d5e4}</UniqueIdentifier>
    </Filter>
    <Filter Include="settings">
      <UniqueIdentifier>{b1cc463c-9a15-4737-9f11-064ee800d181}</UniqueIdentifier>
    </Filter>
    <Filter Include="cmds\constants">
      <UniqueIdentifier>{c6373b9b-6fd5-48eb-a606-225027d8a449}</UniqueIdentifier>
    </Filter>
    <Filter Include="bundler\lz4">
      <UniqueIdentifier>{f8c67570-680a-4632-82e0-c05ff0a23955}</UniqueIdentifier>
    </Filter>
    <Filter Include="bundler\pack">
      <UniqueIdentifier>{f179d167-1065-42b2-8c6d-67e0bf7899ce}</UniqueIdentifier>
    </Filter>
    <Filter Include="bundler\crc32">
      <UniqueIdentifier>{03fbb783-e94d-4acd-918c-4079377320f0}</UniqueIdentifier>
    </Filter>
    <Filter Include="bundler\icons">
      <UniqueIdentifier>{6684c234-ee49-4193-88fa-d7f810e7be65}</UniqueIdentifier>
    </Filter>
    <Filter Include="kernel\driver">
      <UniqueIdentifier>{2ef8c266-5605-4403-ab58-a5443e644f79}</UniqueIdentifier>
    </Filter>
    <Filter Include="kernel\notify">
      <UniqueIdentifier>{1e537615-298e-4f33-bce2-cc5ef18cdd72}</UniqueIdentifier>
    </Filter>
    <Filter Include="kernel\arkdrv-api">
      <UniqueIdentifier>{7b10ff49-60ab-4364-b1e1-080c0aeedee4}</UniqueIdentifier>
    </Filter>
    <Filter Include="Translation Files">
      <UniqueIdentifier>{639EADAA-A684-42e4-A9AD-28FC9BCB8F7C}</UniqueIdentifier>
      <Extensions>ts</Extensions>
      <ParseFiles>false</ParseFiles>
    </Filter>
    <Filter Include="kernel\memory">
      <UniqueIdentifier>{b60d1a0d-2198-4998-98ff-d96f1b1ac760}</UniqueIdentifier>
    </Filter>
    <Filter Include="common\utils">
      <UniqueIdentifier>{473c45f0-307d-433e-801f-286a61257b36}</UniqueIdentifier>
    </Filter>
    <Filter Include="common\utils\disassembly">
      <UniqueIdentifier>{f73e1438-e7bc-44d8-a7ce-d92068ae6d87}</UniqueIdentifier>
    </Filter>
    <Filter Include="common\utils\disassembly\udis86">
      <UniqueIdentifier>{e0aed89a-f00e-427a-becb-0f6663f16194}</UniqueIdentifier>
    </Filter>
    <Filter Include="common\utils\disassembly\udis86\libudis86">
      <UniqueIdentifier>{1792966e-8dc4-44ad-83d0-fe4ead41b315}</UniqueIdentifier>
    </Filter>
    <Filter Include="utilities">
      <UniqueIdentifier>{8ea4c836-5d7b-4572-a5fe-d0910ff6b9c2}</UniqueIdentifier>
    </Filter>
    <Filter Include="reverse">
      <UniqueIdentifier>{7bf7941e-b8b8-4915-83e2-acb7019b3697}</UniqueIdentifier>
    </Filter>
    <Filter Include="common\utils\compress">
      <UniqueIdentifier>{d891b85d-c413-47df-9f0a-096555a8e4ff}</UniqueIdentifier>
    </Filter>
    <Filter Include="common\utils\compress\xzip">
      <UniqueIdentifier>{fd40b3a5-37fd-4c06-acf2-2821a176b7aa}</UniqueIdentifier>
    </Filter>
    <Filter Include="kernel\wingui">
      <UniqueIdentifier>{c53add09-42a1-4b50-8969-58d66167baa4}</UniqueIdentifier>
    </Filter>
    <Filter Include="kernel\network">
      <UniqueIdentifier>{ddbf08af-ae77-4de2-8538-830f00e18b7c}</UniqueIdentifier>
    </Filter>
    <Filter Include="kernel\storage">
      <UniqueIdentifier>{07792a43-7382-4302-b2f5-2f5a5bb3b4d3}</UniqueIdentifier>
    </Filter>
    <Filter Include="common\ui-wrapper">
      <UniqueIdentifier>{16858abf-3377-4e71-84fa-f20c0e3a4d9d}</UniqueIdentifier>
    </Filter>
    <Filter Include="kernel\arkdrv-api\api-storage">
      <UniqueIdentifier>{78d6877a-f6ca-4711-8aa7-6aefef846466}</UniqueIdentifier>
    </Filter>
    <Filter Include="kernel\arkdrv-api\api-memory">
      <UniqueIdentifier>{ce50d15f-ff76-4aba-a3a7-6b7c249a2017}</UniqueIdentifier>
    </Filter>
    <Filter Include="kernel\arkdrv-api\api-wingui">
      <UniqueIdentifier>{bd006a0b-cf6e-41ca-8c17-c4ad9285a4d7}</UniqueIdentifier>
    </Filter>
    <Filter Include="kernel\arkdrv-api\api-driver">
      <UniqueIdentifier>{48821978-f9aa-40fd-acf1-1eb3634f8cfd}</UniqueIdentifier>
    </Filter>
    <Filter Include="kernel\arkdrv-api\api-notify">
      <UniqueIdentifier>{f1f12241-3765-4f6e-ac39-7f8bcbe974bd}</UniqueIdentifier>
    </Filter>
    <Filter Include="kernel\arkdrv-api\api-process">
      <UniqueIdentifier>{5c43bebc-7e56-49fc-8b05-d4d9b1bd8659}</UniqueIdentifier>
    </Filter>
  </ItemGroup>
  <ItemGroup>
    <ClCompile Include="openark\openark.cpp">
      <Filter>openark</Filter>
    </ClCompile>
    <ClCompile Include="common\app\app.cpp">
      <Filter>common\app</Filter>
    </ClCompile>
    <ClCompile Include="common\cpp-wrapper\cpp-wrapper.cpp">
      <Filter>common\cpp-wrapper</Filter>
    </ClCompile>
    <ClCompile Include="common\config\config.cpp">
      <Filter>common\config</Filter>
    </ClCompile>
    <ClCompile Include="common\cache\cache.cpp">
      <Filter>common\cache</Filter>
    </ClCompile>
    <ClCompile Include="common\win-wrapper\win-wrapper.cpp">
      <Filter>common\win-wrapper</Filter>
    </ClCompile>
    <ClCompile Include="common\qt-wrapper\qt-wrapper.cpp">
      <Filter>common\qt-wrapper</Filter>
    </ClCompile>
    <ClCompile Include="cmds\cmds.cpp">
      <Filter>cmds</Filter>
    </ClCompile>
    <ClCompile Include="about\about.cpp">
      <Filter>about</Filter>
    </ClCompile>
    <ClCompile Include="process-mgr\process-mgr.cpp">
      <Filter>process-mgr</Filter>
    </ClCompile>
    <ClCompile Include="process-mgr\process-properties.cpp">
      <Filter>process-mgr</Filter>
    </ClCompile>
    <ClCompile Include="process-mgr\process-selection.cpp">
      <Filter>process-mgr</Filter>
    </ClCompile>
    <ClCompile Include="bundler\bundler.cpp">
      <Filter>bundler</Filter>
    </ClCompile>
    <ClCompile Include="coderkit\coderkit.cpp">
      <Filter>coderkit</Filter>
    </ClCompile>
    <ClCompile Include="kernel\kernel.cpp">
      <Filter>kernel</Filter>
    </ClCompile>
    <ClCompile Include="scanner\scanner.cpp">
      <Filter>scanner</Filter>
    </ClCompile>
    <ClCompile Include="settings\settings.cpp">
      <Filter>settings</Filter>
    </ClCompile>
    <ClCompile Include="main.cpp" />
    <ClCompile Include="cmds\constants\constants.cpp">
      <Filter>cmds\constants</Filter>
    </ClCompile>
    <ClCompile Include="bundler\pack\pack.cpp">
      <Filter>bundler\pack</Filter>
    </ClCompile>
    <ClCompile Include="bundler\crc32\crc32.cpp">
      <Filter>bundler\crc32</Filter>
    </ClCompile>
    <ClCompile Include="bundler\lz4\lz4.c">
      <Filter>bundler\lz4</Filter>
    </ClCompile>
    <ClCompile Include="bundler\lz4\lz4frame.c">
      <Filter>bundler\lz4</Filter>
    </ClCompile>
    <ClCompile Include="bundler\lz4\lz4hc.c">
      <Filter>bundler\lz4</Filter>
    </ClCompile>
    <ClCompile Include="bundler\lz4\xxhash.c">
      <Filter>bundler\lz4</Filter>
    </ClCompile>
    <ClCompile Include="bundler\icons\icons.cpp">
      <Filter>bundler\icons</Filter>
    </ClCompile>
    <ClCompile Include="kernel\driver\driver.cpp">
      <Filter>kernel\driver</Filter>
    </ClCompile>
    <ClCompile Include="kernel\notify\notify.cpp">
      <Filter>kernel\notify</Filter>
    </ClCompile>
    <ClCompile Include="..\OpenArkDrv\arkdrv-api\arkdrv-api.cpp">
      <Filter>kernel\arkdrv-api</Filter>
    </ClCompile>
    <ClCompile Include="common\utils\disassembly\disassembly.cpp">
      <Filter>common\utils\disassembly</Filter>
    </ClCompile>
    <ClCompile Include="common\utils\disassembly\udis86\libudis86\decode.c">
      <Filter>common\utils\disassembly\udis86\libudis86</Filter>
    </ClCompile>
    <ClCompile Include="common\utils\disassembly\udis86\libudis86\itab.c">
      <Filter>common\utils\disassembly\udis86\libudis86</Filter>
    </ClCompile>
    <ClCompile Include="common\utils\disassembly\udis86\libudis86\syn.c">
      <Filter>common\utils\disassembly\udis86\libudis86</Filter>
    </ClCompile>
    <ClCompile Include="common\utils\disassembly\udis86\libudis86\syn-att.c">
      <Filter>common\utils\disassembly\udis86\libudis86</Filter>
    </ClCompile>
    <ClCompile Include="common\utils\disassembly\udis86\libudis86\syn-intel.c">
      <Filter>common\utils\disassembly\udis86\libudis86</Filter>
    </ClCompile>
    <ClCompile Include="common\utils\disassembly\udis86\libudis86\udis86.c">
      <Filter>common\utils\disassembly\udis86\libudis86</Filter>
    </ClCompile>
    <ClCompile Include="utilities\utilities.cpp">
      <Filter>utilities</Filter>
    </ClCompile>
    <ClCompile Include="reverse\reverse.cpp">
      <Filter>reverse</Filter>
    </ClCompile>
    <ClCompile Include="common\utils\compress\zip_utils.cpp">
      <Filter>common\utils\compress</Filter>
    </ClCompile>
    <ClCompile Include="common\utils\compress\xzip\XUnzip.cpp">
      <Filter>common\utils\compress\xzip</Filter>
    </ClCompile>
    <ClCompile Include="common\utils\compress\xzip\XZip.cpp">
      <Filter>common\utils\compress\xzip</Filter>
    </ClCompile>
    <ClCompile Include="kernel\wingui\wingui.cpp">
      <Filter>kernel\wingui</Filter>
    </ClCompile>
    <ClCompile Include="kernel\network\network.cpp">
      <Filter>kernel\network</Filter>
    </ClCompile>
    <ClCompile Include="kernel\storage\storage.cpp">
      <Filter>kernel\storage</Filter>
    </ClCompile>
    <ClCompile Include="common\ui-wrapper\ui-wrapper.cpp">
      <Filter>common\ui-wrapper</Filter>
    </ClCompile>
    <ClCompile Include="common\common.cpp">
      <Filter>common\win-wrapper</Filter>
    </ClCompile>
    <ClCompile Include="common\win-wrapper\reg-wrapper.cpp">
      <Filter>common\win-wrapper</Filter>
    </ClCompile>
    <ClCompile Include="kernel\memory\memory.cpp">
      <Filter>kernel\memory</Filter>
    </ClCompile>
    <ClCompile Include="..\OpenArkDrv\arkdrv-api\api-storage\api-storage.cpp">
      <Filter>kernel\arkdrv-api\api-storage</Filter>
    </ClCompile>
    <ClCompile Include="..\OpenArkDrv\arkdrv-api\api-memory\api-memory.cpp">
      <Filter>kernel\arkdrv-api\api-memory</Filter>
    </ClCompile>
    <ClCompile Include="..\OpenArkDrv\arkdrv-api\api-wingui\api-wingui.cpp">
      <Filter>kernel\arkdrv-api\api-wingui</Filter>
    </ClCompile>
    <ClCompile Include="..\OpenArkDrv\arkdrv-api\api-driver\api-driver.cpp">
      <Filter>kernel\arkdrv-api\api-driver</Filter>
    </ClCompile>
    <ClCompile Include="..\OpenArkDrv\arkdrv-api\api-notify\api-notify.cpp">
      <Filter>kernel\arkdrv-api\api-notify</Filter>
    </ClCompile>
    <ClCompile Include="..\OpenArkDrv\arkdrv-api\api-process\api-process.cpp">
      <Filter>kernel\arkdrv-api\api-process</Filter>
    </ClCompile>
  </ItemGroup>
  <ItemGroup>
    <QtMoc Include="openark\openark.h">
      <Filter>openark</Filter>
    </QtMoc>
    <QtMoc Include="common\qt-wrapper\qt-wrapper.h">
      <Filter>common\qt-wrapper</Filter>
    </QtMoc>
    <QtMoc Include="cmds\cmds.h">
      <Filter>cmds</Filter>
    </QtMoc>
    <QtMoc Include="about\about.h">
      <Filter>about</Filter>
    </QtMoc>
    <QtMoc Include="process-mgr\process-mgr.h">
      <Filter>process-mgr</Filter>
    </QtMoc>
    <QtMoc Include="process-mgr\process-properties.h">
      <Filter>process-mgr</Filter>
    </QtMoc>
    <QtMoc Include="process-mgr\process-selection.h">
      <Filter>process-mgr</Filter>
    </QtMoc>
    <QtMoc Include="scanner\scanner.h">
      <Filter>scanner</Filter>
    </QtMoc>
    <QtMoc Include="bundler\bundler.h">
      <Filter>bundler</Filter>
    </QtMoc>
    <QtMoc Include="kernel\kernel.h">
      <Filter>kernel</Filter>
    </QtMoc>
    <QtMoc Include="coderkit\coderkit.h">
      <Filter>coderkit</Filter>
    </QtMoc>
    <QtMoc Include="settings\settings.h">
      <Filter>settings</Filter>
    </QtMoc>
    <QtMoc Include="utilities\utilities.h">
      <Filter>utilities</Filter>
    </QtMoc>
    <QtMoc Include="reverse\reverse.h">
      <Filter>reverse</Filter>
    </QtMoc>
    <QtMoc Include="kernel\storage\storage.h">
      <Filter>kernel\storage</Filter>
    </QtMoc>
    <QtMoc Include="common\ui-wrapper\ui-wrapper.h">
      <Filter>common\ui-wrapper</Filter>
    </QtMoc>
    <QtMoc Include="kernel\network\network.h">
      <Filter>kernel\network</Filter>
    </QtMoc>
    <QtMoc Include="kernel\memory\memory.h">
      <Filter>kernel\memory</Filter>
    </QtMoc>
    <QtMoc Include="kernel\driver\driver.h">
      <Filter>kernel\driver</Filter>
    </QtMoc>
  </ItemGroup>
  <ItemGroup>
    <QtUic Include="ui\process-mgr.ui">
      <Filter>ui</Filter>
    </QtUic>
    <QtUic Include="ui\process-properties.ui">
      <Filter>ui</Filter>
    </QtUic>
    <QtUic Include="ui\openark.ui">
      <Filter>ui</Filter>
    </QtUic>
    <QtUic Include="ui\about.ui">
      <Filter>ui</Filter>
    </QtUic>
    <QtUic Include="ui\coderkit.ui">
      <Filter>ui</Filter>
    </QtUic>
    <QtUic Include="ui\scanner.ui">
      <Filter>ui</Filter>
    </QtUic>
    <QtUic Include="ui\bundler.ui">
      <Filter>ui</Filter>
    </QtUic>
    <QtUic Include="ui\process-selection.ui">
      <Filter>ui</Filter>
    </QtUic>
    <QtUic Include="ui\settings.ui">
      <Filter>ui</Filter>
    </QtUic>
    <QtUic Include="ui\kernel.ui">
      <Filter>ui</Filter>
    </QtUic>
    <QtUic Include="ui\utilities.ui">
      <Filter>ui</Filter>
    </QtUic>
    <QtUic Include="ui\reverse.ui">
      <Filter>ui</Filter>
    </QtUic>
    <QtUic Include="res\ui\memory-rw.ui">
      <Filter>ui</Filter>
    </QtUic>
  </ItemGroup>
  <ItemGroup>
    <ClInclude Include="GeneratedFiles\ui_about.h">
      <Filter>Generated Files</Filter>
    </ClInclude>
    <ClInclude Include="GeneratedFiles\ui_bundler.h">
      <Filter>Generated Files</Filter>
    </ClInclude>
    <ClInclude Include="GeneratedFiles\ui_coderkit.h">
      <Filter>Generated Files</Filter>
    </ClInclude>
    <ClInclude Include="GeneratedFiles\ui_kernel.h">
      <Filter>Generated Files</Filter>
    </ClInclude>
    <ClInclude Include="GeneratedFiles\ui_openark.h">
      <Filter>Generated Files</Filter>
    </ClInclude>
    <ClInclude Include="GeneratedFiles\ui_process-mgr.h">
      <Filter>Generated Files</Filter>
    </ClInclude>
    <ClInclude Include="GeneratedFiles\ui_process-properties.h">
      <Filter>Generated Files</Filter>
    </ClInclude>
    <ClInclude Include="GeneratedFiles\ui_scanner.h">
      <Filter>Generated Files</Filter>
    </ClInclude>
    <ClInclude Include="common\app\app.h">
      <Filter>common\app</Filter>
    </ClInclude>
    <ClInclude Include="common\cache\cache.h">
      <Filter>common\cache</Filter>
    </ClInclude>
    <ClInclude Include="common\config\config.h">
      <Filter>common\config</Filter>
    </ClInclude>
    <ClInclude Include="common\cpp-wrapper\cpp-wrapper.h">
      <Filter>common\cpp-wrapper</Filter>
    </ClInclude>
    <ClInclude Include="common\win-wrapper\win-wrapper.h">
      <Filter>common\win-wrapper</Filter>
    </ClInclude>
    <ClInclude Include="common\common.h">
      <Filter>common</Filter>
    </ClInclude>
    <ClInclude Include="cmds\constants\constants.h">
      <Filter>cmds\constants</Filter>
    </ClInclude>
    <ClInclude Include="bundler\pack\pack.h">
      <Filter>bundler\pack</Filter>
    </ClInclude>
    <ClInclude Include="bundler\crc32\crc32.h">
      <Filter>bundler\crc32</Filter>
    </ClInclude>
    <ClInclude Include="bundler\lz4\lz4.h">
      <Filter>bundler\lz4</Filter>
    </ClInclude>
    <ClInclude Include="bundler\lz4\lz4frame.h">
      <Filter>bundler\lz4</Filter>
    </ClInclude>
    <ClInclude Include="bundler\lz4\lz4frame_static.h">
      <Filter>bundler\lz4</Filter>
    </ClInclude>
    <ClInclude Include="bundler\lz4\lz4hc.h">
      <Filter>bundler\lz4</Filter>
    </ClInclude>
    <ClInclude Include="bundler\lz4\xxhash.h">
      <Filter>bundler\lz4</Filter>
    </ClInclude>
    <ClInclude Include="bundler\icons\icons.h">
      <Filter>bundler\icons</Filter>
    </ClInclude>
    <ClInclude Include="res\resource.h">
      <Filter>res</Filter>
    </ClInclude>
    <ClInclude Include="kernel\notify\notify.h">
      <Filter>kernel\notify</Filter>
    </ClInclude>
    <ClInclude Include="..\OpenArkDrv\arkdrv-api\arkdrv-api.h">
      <Filter>kernel\arkdrv-api</Filter>
    </ClInclude>
    <ClInclude Include="common\utils\disassembly\disassembly.h">
      <Filter>common\utils\disassembly</Filter>
    </ClInclude>
    <ClInclude Include="common\utils\disassembly\udis86\udis86.h">
      <Filter>common\utils\disassembly\udis86</Filter>
    </ClInclude>
    <ClInclude Include="common\utils\disassembly\udis86\libudis86\decode.h">
      <Filter>common\utils\disassembly\udis86\libudis86</Filter>
    </ClInclude>
    <ClInclude Include="common\utils\disassembly\udis86\libudis86\extern.h">
      <Filter>common\utils\disassembly\udis86\libudis86</Filter>
    </ClInclude>
    <ClInclude Include="common\utils\disassembly\udis86\libudis86\itab.h">
      <Filter>common\utils\disassembly\udis86\libudis86</Filter>
    </ClInclude>
    <ClInclude Include="common\utils\disassembly\udis86\libudis86\syn.h">
      <Filter>common\utils\disassembly\udis86\libudis86</Filter>
    </ClInclude>
    <ClInclude Include="common\utils\disassembly\udis86\libudis86\types.h">
      <Filter>common\utils\disassembly\udis86\libudis86</Filter>
    </ClInclude>
    <ClInclude Include="common\utils\disassembly\udis86\libudis86\udint.h">
      <Filter>common\utils\disassembly\udis86\libudis86</Filter>
    </ClInclude>
    <ClInclude Include="GeneratedFiles\ui_utilities.h">
      <Filter>Generated Files</Filter>
    </ClInclude>
    <ClInclude Include="GeneratedFiles\ui_reverse.h">
      <Filter>Generated Files</Filter>
    </ClInclude>
    <ClInclude Include="common\utils\compress\zip_utils.h">
      <Filter>common\utils\compress</Filter>
    </ClInclude>
    <ClInclude Include="common\utils\compress\xzip\XUnzip.h">
      <Filter>common\utils\compress\xzip</Filter>
    </ClInclude>
    <ClInclude Include="common\utils\compress\xzip\XZip.h">
      <Filter>common\utils\compress\xzip</Filter>
    </ClInclude>
    <ClInclude Include="kernel\wingui\wingui.h">
      <Filter>kernel\wingui</Filter>
    </ClInclude>
    <ClInclude Include="common\win-wrapper\reg-wrapper.h">
      <Filter>common\win-wrapper</Filter>
    </ClInclude>
    <ClInclude Include="..\OpenArkDrv\arkdrv-api\api-storage\api-storage.h">
      <Filter>kernel\arkdrv-api\api-storage</Filter>
    </ClInclude>
    <ClInclude Include="..\OpenArkDrv\arkdrv-api\api-memory\api-memory.h">
      <Filter>kernel\arkdrv-api\api-memory</Filter>
    </ClInclude>
    <ClInclude Include="..\OpenArkDrv\arkdrv-api\api-wingui\api-wingui.h">
      <Filter>kernel\arkdrv-api\api-wingui</Filter>
    </ClInclude>
    <ClInclude Include="..\OpenArkDrv\arkdrv-api\api-driver\api-driver.h">
      <Filter>kernel\arkdrv-api\api-driver</Filter>
    </ClInclude>
    <ClInclude Include="..\OpenArkDrv\arkdrv-api\api-notify\api-notify.h">
      <Filter>kernel\arkdrv-api\api-notify</Filter>
    </ClInclude>
    <ClInclude Include="..\OpenArkDrv\arkdrv-api\api-process\api-process.h">
      <Filter>kernel\arkdrv-api\api-process</Filter>
    </ClInclude>
  </ItemGroup>
  <ItemGroup>
    <Image Include="res\OpenArk.ico">
      <Filter>res</Filter>
    </Image>
    <Image Include="res\open.ico">
      <Filter>res</Filter>
    </Image>
    <Image Include="res\gitub.ico">
      <Filter>res</Filter>
    </Image>
    <Image Include="res\save.ico">
      <Filter>res</Filter>
    </Image>
    <Image Include="res\refresh.ico">
      <Filter>res</Filter>
    </Image>
    <Image Include="res\settings.ico">
      <Filter>res</Filter>
    </Image>
  </ItemGroup>
  <ItemGroup>
    <None Include="openark_zh.ts">
      <Filter>Translation Files</Filter>
    </None>
    <None Include="packages.config" />
  </ItemGroup>
  <ItemGroup>
    <QtRcc Include="res\openark.qrc">
      <Filter>res</Filter>
    </QtRcc>
  </ItemGroup>
  <ItemGroup>
    <ResourceCompile Include="res\OpenArk.rc">
      <Filter>res</Filter>
    </ResourceCompile>
  </ItemGroup>
</Project>