<?xml version="1.0" encoding="utf-8"?>
<Project ToolsVersion="4.0" xmlns="http://schemas.microsoft.com/developer/msbuild/2003">
  <ItemGroup>
    <Filter Include="Source Files">
      <UniqueIdentifier>{4FC737F1-C7A5-4376-A066-2A32D752A2FF}</UniqueIdentifier>
      <Extensions>cpp;c;cc;cxx;def;odl;idl;hpj;bat;asm;asmx</Extensions>
    </Filter>
    <Filter Include="Header Files">
      <UniqueIdentifier>{93995380-89BD-4b04-88EB-625FBE52EBFB}</UniqueIdentifier>
      <Extensions>h;hh;hpp;hxx;hm;inl;inc;xsd</Extensions>
    </Filter>
    <Filter Include="Resource Files">
      <UniqueIdentifier>{D9D6E242-F8AF-46E4-B9FD-80ECBC20BA3E}</UniqueIdentifier>
      <Extensions>qrc;*</Extensions>
      <ParseFiles>false</ParseFiles>
    </Filter>
    <Filter Include="Form Files">
      <UniqueIdentifier>{99349809-55BA-4b9d-BF79-8FDBB0286EB3}</UniqueIdentifier>
      <Extensions>ui</Extensions>
    </Filter>
    <Filter Include="Resource Files">
      <UniqueIdentifier>{D9D6E242-F8AF-46E4-B9FD-80ECBC20BA3E}</UniqueIdentifier>
      <Extensions>qrc;*</Extensions>
      <ParseFiles>false</ParseFiles>
    </Filter>
    <Filter Include="Generated Files">
      <UniqueIdentifier>{71ED8ED8-ACB9-4CE9-BBE1-E00B30144E11}</UniqueIdentifier>
      <Extensions>moc;h;cpp</Extensions>
      <SourceControlFiles>False</SourceControlFiles>
    </Filter>
    <Filter Include="Translation Files">
      <UniqueIdentifier>{639EADAA-A684-42e4-A9AD-28FC9BCB8F7C}</UniqueIdentifier>
      <Extensions>ts</Extensions>
      <ParseFiles>false</ParseFiles>
    </Filter>
  </ItemGroup>
  <ItemGroup>
    <ClCompile Include="main.cpp">
      <Filter>Source Files</Filter>
    </ClCompile>
    <ClCompile Include="common\common.cpp">
      <Filter>Source Files</Filter>
    </ClCompile>
    <ClCompile Include="openark\openark.cpp">
      <Filter>Source Files</Filter>
    </ClCompile>
    <ClCompile Include="process-mgr\process-mgr.cpp">
      <Filter>Source Files</Filter>
    </ClCompile>
    <ClCompile Include="process-mgr\process-properties.cpp">
      <Filter>Source Files</Filter>
    </ClCompile>
    <ClCompile Include="about\about.cpp">
      <Filter>Source Files</Filter>
    </ClCompile>
    <ClCompile Include="scanner\scanner.cpp">
      <Filter>Source Files</Filter>
    </ClCompile>
    <ClCompile Include="coderkit\coderkit.cpp">
      <Filter>Source Files</Filter>
    </ClCompile>
    <ClCompile Include="cmds\cmds.cpp">
      <Filter>Source Files</Filter>
    </ClCompile>
    <ClCompile Include="bundler\bundler.cpp">
      <Filter>Source Files</Filter>
    </ClCompile>
    <ClCompile Include="bundler\icons\icons.cpp">
      <Filter>Source Files</Filter>
    </ClCompile>
    <ClCompile Include="bundler\crc32\crc32.cpp">
      <Filter>Source Files</Filter>
    </ClCompile>
    <ClCompile Include="bundler\lz4\lz4.c">
      <Filter>Source Files</Filter>
    </ClCompile>
    <ClCompile Include="bundler\lz4\lz4frame.c">
      <Filter>Source Files</Filter>
    </ClCompile>
    <ClCompile Include="bundler\lz4\lz4hc.c">
      <Filter>Source Files</Filter>
    </ClCompile>
    <ClCompile Include="bundler\lz4\xxhash.c">
      <Filter>Source Files</Filter>
    </ClCompile>
    <ClCompile Include="bundler\pack\pack.cpp">
      <Filter>Source Files</Filter>
    </ClCompile>
    <ClCompile Include="cmds\constants\constants.cpp">
      <Filter>Source Files</Filter>
    </ClCompile>
    <ClCompile Include="process-mgr\process-selection.cpp">
      <Filter>Source Files</Filter>
    </ClCompile>
    <ClCompile Include="common\qt-wrapper\qt-wrapper.cpp">
      <Filter>Source Files</Filter>
    </ClCompile>
    <ClCompile Include="common\win-wrapper\win-wrapper.cpp">
      <Filter>Source Files</Filter>
    </ClCompile>
    <ClCompile Include="common\cpp-wrapper\cpp-wrapper.cpp">
      <Filter>Source Files</Filter>
    </ClCompile>
    <ClCompile Include="common\cache\cache.cpp">
      <Filter>Source Files</Filter>
    </ClCompile>
    <ClCompile Include="settings\settings.cpp">
      <Filter>Source Files</Filter>
    </ClCompile>
    <ClCompile Include="common\config\config.cpp">
      <Filter>Source Files</Filter>
    </ClCompile>
    <ClCompile Include="kernel\driver\driver.cpp">
      <Filter>Source Files</Filter>
    </ClCompile>
    <ClCompile Include="common\app\app.cpp">
      <Filter>Source Files</Filter>
    </ClCompile>
    <ClCompile Include="kernel\notify\notify.cpp">
      <Filter>Source Files</Filter>
    </ClCompile>
    <ClCompile Include="..\OpenArkDrv\iarkdrv\iarkdrv.cpp">
      <Filter>Source Files</Filter>
    </ClCompile>
    <ClCompile Include="kernel\kernel.cpp">
      <Filter>Source Files</Filter>
    </ClCompile>
  </ItemGroup>
  <ItemGroup>
    <QtMoc Include="process-mgr\process-mgr.h">
      <Filter>Header Files</Filter>
    </QtMoc>
    <QtMoc Include="process-mgr\process-properties.h">
      <Filter>Header Files</Filter>
    </QtMoc>
    <QtMoc Include="openark\openark.h">
      <Filter>Header Files</Filter>
    </QtMoc>
    <QtMoc Include="about\about.h">
      <Filter>Header Files</Filter>
    </QtMoc>
    <QtMoc Include="scanner\scanner.h">
      <Filter>Header Files</Filter>
    </QtMoc>
    <QtMoc Include="coderkit\coderkit.h">
      <Filter>Header Files</Filter>
    </QtMoc>
    <QtMoc Include="cmds\cmds.h">
      <Filter>Header Files</Filter>
    </QtMoc>
    <QtMoc Include="bundler\bundler.h">
      <Filter>Header Files</Filter>
    </QtMoc>
    <QtMoc Include="process-mgr\process-selection.h">
      <Filter>Header Files</Filter>
    </QtMoc>
    <QtMoc Include="settings\settings.h">
      <Filter>Header Files</Filter>
    </QtMoc>
    <QtMoc Include="common\qt-wrapper\qt-wrapper.h">
      <Filter>Header Files</Filter>
    </QtMoc>
    <QtMoc Include="kernel\kernel.h">
      <Filter>Header Files</Filter>
    </QtMoc>
  </ItemGroup>
  <ItemGroup>
    <QtUic Include="ui\process-mgr.ui">
      <Filter>Form Files</Filter>
    </QtUic>
    <QtUic Include="ui\process-properties.ui">
      <Filter>Form Files</Filter>
    </QtUic>
    <QtUic Include="ui\openark.ui">
      <Filter>Form Files</Filter>
    </QtUic>
    <QtUic Include="ui\about.ui">
      <Filter>Form Files</Filter>
    </QtUic>
    <QtUic Include="ui\coderkit.ui">
      <Filter>Form Files</Filter>
    </QtUic>
    <QtUic Include="ui\scanner.ui">
      <Filter>Form Files</Filter>
    </QtUic>
    <QtUic Include="ui\bundler.ui">
      <Filter>Form Files</Filter>
    </QtUic>
    <QtUic Include="ui\process-selection.ui">
      <Filter>Form Files</Filter>
    </QtUic>
    <QtUic Include="ui\settings.ui">
      <Filter>Form Files</Filter>
    </QtUic>
    <QtUic Include="ui\kernel.ui">
      <Filter>Form Files</Filter>
    </QtUic>
  </ItemGroup>
  <ItemGroup>
    <ClInclude Include="common\common.h">
      <Filter>Header Files</Filter>
    </ClInclude>
    <ClInclude Include="GeneratedFiles\ui_openark.h">
      <Filter>Header Files</Filter>
    </ClInclude>
    <ClInclude Include="GeneratedFiles\ui_process-mgr.h">
      <Filter>Header Files</Filter>
    </ClInclude>
    <ClInclude Include="GeneratedFiles\ui_process-properties.h">
      <Filter>Header Files</Filter>
    </ClInclude>
    <ClInclude Include="GeneratedFiles\ui_about.h">
      <Filter>Header Files</Filter>
    </ClInclude>
    <ClInclude Include="GeneratedFiles\ui_bundler.h">
      <Filter>Header Files</Filter>
    </ClInclude>
    <ClInclude Include="GeneratedFiles\ui_coderkit.h">
      <Filter>Header Files</Filter>
    </ClInclude>
    <ClInclude Include="GeneratedFiles\ui_scanner.h">
      <Filter>Header Files</Filter>
    </ClInclude>
    <ClInclude Include="bundler\icons\icons.h">
      <Filter>Header Files</Filter>
    </ClInclude>
    <ClInclude Include="bundler\crc32\crc32.h">
      <Filter>Header Files</Filter>
    </ClInclude>
    <ClInclude Include="bundler\lz4\lz4.h">
      <Filter>Header Files</Filter>
    </ClInclude>
    <ClInclude Include="bundler\lz4\lz4frame.h">
      <Filter>Header Files</Filter>
    </ClInclude>
    <ClInclude Include="bundler\lz4\lz4frame_static.h">
      <Filter>Header Files</Filter>
    </ClInclude>
    <ClInclude Include="bundler\lz4\lz4hc.h">
      <Filter>Header Files</Filter>
    </ClInclude>
    <ClInclude Include="bundler\lz4\xxhash.h">
      <Filter>Header Files</Filter>
    </ClInclude>
    <ClInclude Include="bundler\pack\pack.h">
      <Filter>Header Files</Filter>
    </ClInclude>
    <ClInclude Include="cmds\constants\constants.h">
      <Filter>Header Files</Filter>
    </ClInclude>
    <ClInclude Include="common\win-wrapper\win-wrapper.h">
      <Filter>Header Files</Filter>
    </ClInclude>
    <ClInclude Include="res\resource.h">
      <Filter>Header Files</Filter>
    </ClInclude>
    <ClInclude Include="common\cpp-wrapper\cpp-wrapper.h">
      <Filter>Header Files</Filter>
    </ClInclude>
    <ClInclude Include="common\cache\cache.h">
      <Filter>Header Files</Filter>
    </ClInclude>
    <ClInclude Include="common\config\config.h">
      <Filter>Header Files</Filter>
    </ClInclude>
    <ClInclude Include="GeneratedFiles\ui_kernel.h">
      <Filter>Header Files</Filter>
    </ClInclude>
    <ClInclude Include="kernel\driver\driver.h">
      <Filter>Header Files</Filter>
    </ClInclude>
    <ClInclude Include="common\app\app.h">
      <Filter>Header Files</Filter>
    </ClInclude>
    <ClInclude Include="kernel\notify\notify.h">
      <Filter>Header Files</Filter>
    </ClInclude>
    <ClInclude Include="..\OpenArkDrv\iarkdrv\iarkdrv.h">
      <Filter>Header Files</Filter>
    </ClInclude>
  </ItemGroup>
  <ItemGroup>
    <Image Include="res\gitub.ico" />
    <Image Include="res\open.ico" />
    <Image Include="res\OpenArk.ico" />
    <Image Include="res\refresh.ico" />
    <Image Include="res\save.ico" />
    <Image Include="res\settings.ico" />
  </ItemGroup>
  <ItemGroup>
    <QtRcc Include="res\openark.qrc">
      <Filter>Resource Files</Filter>
    </QtRcc>
  </ItemGroup>
  <ItemGroup>
    <ResourceCompile Include="res\OpenArk.rc" />
  </ItemGroup>
  <ItemGroup>
    <None Include="openark_zh.ts">
      <Filter>Translation Files</Filter>
    </None>
    <None Include="packages.config" />
  </ItemGroup>
</Project>